# This file is automatically @generated by Cargo.
# It is not intended for manual editing.
version = 4

[[package]]
name = "arguments"
version = "0.1.0"

[[package]]
name = "borrowing"
version = "0.1.0"

[[package]]
name = "break_and_continue"
version = "0.1.0"

[[package]]
name = "conditionals"
version = "0.1.0"

[[package]]
name = "conditionals2"
version = "0.1.0"

[[package]]
name = "defining_structs"
version = "0.1.0"

[[package]]
name = "enums_1_introduction"
version = "0.1.0"

[[package]]
name = "enums_2_enums_as_type"
version = "0.1.0"

[[package]]
name = "enums_3_option_enum"
version = "0.1.0"

[[package]]
name = "enums_4_applied_enum"
version = "0.1.0"

[[package]]
name = "error_handling"
version = "0.1.0"

[[package]]
name = "for_loops"
version = "0.1.0"

[[package]]
name = "loops"
version = "0.1.0"

[[package]]
name = "match_control_flow"
version = "0.1.0"

[[package]]
name = "panic_to_stop"
version = "0.1.0"

[[package]]
name = "return_values"
version = "0.1.0"

[[package]]
name = "shadowing"
version = "0.1.0"

[[package]]
name = "strings_1"
version = "0.1.0"

[[package]]
name = "strings_2_manipulation"
version = "0.1.0"

[[package]]
name = "structs_2"
version = "0.1.0"

[[package]]
name = "structs_3"
version = "0.1.0"

[[package]]
name = "unit_functions"
version = "0.1.0"

[[package]]
name = "variables"
version = "0.1.0"

[[package]]
name = "vectors_1"
version = "0.1.0"

[[package]]
name = "vectors_2_retrieving"
version = "0.1.0"

[[package]]
name = "vectors_3_append"
version = "0.1.0"

[[package]]
name = "while_loops"
version = "0.1.0"
